
Microsoft Visual Studio Solution File, Format Version 12.00
# Visual Studio Version 17
VisualStudioVersion = 17.11.35222.181
MinimumVisualStudioVersion = 10.0.40219.1
Project("{9A19103F-16F7-4668-BE54-9A1E7A4F7556}") = "Sunlighter.GraphicsTerminalLib", "Sunlighter.GraphicsTerminalLib\Sunlighter.GraphicsTerminalLib.csproj", "{AE3A2C3D-D1C4-4D08-8714-FC3E2A93BEDC}"
EndProject
Project("{2150E333-8FDC-42A3-9474-1A3956D46DE8}") = "Solution Items", "Solution Items", "{6254F89E-91EB-4138-8654-5DC562E6BF8A}"
	ProjectSection(SolutionItems) = preProject
		LICENSE = LICENSE
		README.md = README.md
	EndProjectSection
EndProject
Project("{9A19103F-16F7-4668-BE54-9A1E7A4F7556}") = "GraphicsTerminalConsoleTest", "GraphicsTerminalConsoleTest\GraphicsTerminalConsoleTest.csproj", "{DDC4DC9E-4D5B-4F71-989E-193186EFB66F}"
EndProject
Global
	GlobalSection(SolutionConfigurationPlatforms) = preSolution
		Debug|Any CPU = Debug|Any CPU
		Release|Any CPU = Release|Any CPU
	EndGlobalSection
	GlobalSection(ProjectConfigurationPlatforms) = postSolution
		{AE3A2C3D-D1C4-4D08-8714-FC3E2A93BEDC}.Debug|Any CPU.ActiveCfg = Debug|Any CPU
		{AE3A2C3D-D1C4-4D08-8714-FC3E2A93BEDC}.Debug|Any CPU.Build.0 = Debug|Any CPU
		{AE3A2C3D-D1C4-4D08-8714-FC3E2A93BEDC}.Release|Any CPU.ActiveCfg = Release|Any CPU
		{AE3A2C3D-D1C4-4D08-8714-FC3E2A93BEDC}.Release|Any CPU.Build.0 = Release|Any CPU
		{DDC4DC9E-4D5B-4F71-989E-193186EFB66F}.Debug|Any CPU.ActiveCfg = Debug|Any CPU
		{DDC4DC9E-4D5B-4F71-989E-193186EFB66F}.Debug|Any CPU.Build.0 = Debug|Any CPU
		{DDC4DC9E-4D5B-4F71-989E-193186EFB66F}.Release|Any CPU.ActiveCfg = Release|Any CPU
		{DDC4DC9E-4D5B-4F71-989E-193186EFB66F}.Release|Any CPU.Build.0 = Release|Any CPU
	EndGlobalSection
	GlobalSection(SolutionProperties) = preSolution
		HideSolutionNode = FALSE
	EndGlobalSection
	GlobalSection(ExtensibilityGlobals) = postSolution
		SolutionGuid = {F4D7DD29-2DCD-40E0-B410-5D7BC39421F1}
	EndGlobalSection
EndGlobal
